
Microsoft Visual Studio Solution File, Format Version 12.00
# Visual Studio Version 17
VisualStudioVersion = 17.3.32819.101
MinimumVisualStudioVersion = 10.0.40219.1
Project("{FAE04EC0-301F-11D3-BF4B-00C04F79EFBC}") = "RhinoPythonNetEditor", "RhinoPythonNetEditor\RhinoPythonNetEditor.csproj", "{F9BC2027-7841-4815-A777-73CD79393494}"
EndProject
Project("{FAE04EC0-301F-11D3-BF4B-00C04F79EFBC}") = "RhinoPythonNetEditor.Styling", "RhinoPythonNetEditor.Styling\RhinoPythonNetEditor.Styling.csproj", "{846273B8-C1ED-4767-9882-2FC399A46D2D}"
EndProject
Project("{FAE04EC0-301F-11D3-BF4B-00C04F79EFBC}") = "RhinoPythonNetEditor.Resources", "RhinoPythonNetEditor.Resources\RhinoPythonNetEditor.Resources.csproj", "{CAE904B4-4DFF-4291-82B1-584021351FB2}"
EndProject
Project("{FAE04EC0-301F-11D3-BF4B-00C04F79EFBC}") = "RhinoPythonNetEditor.View", "RhinoPythonNetEditor.View\RhinoPythonNetEditor.View.csproj", "{E2469FBC-B426-4953-90E0-D702C58892DD}"
EndProject
Project("{FAE04EC0-301F-11D3-BF4B-00C04F79EFBC}") = "RhinoPythonNetEditor.ViewModel", "RhinoPythonNetEditor.ViewModel\RhinoPythonNetEditor.ViewModel.csproj", "{52463BAF-E836-4624-84A0-80049CD96EA7}"
EndProject
Project("{FAE04EC0-301F-11D3-BF4B-00C04F79EFBC}") = "RhinoPythonNetEditor.DataModels", "RhinoPythonNetEditor.DataModels\RhinoPythonNetEditor.DataModels.csproj", "{D295E2F0-FB3A-4B51-BE94-C81C59CECFC0}"
EndProject
Project("{FAE04EC0-301F-11D3-BF4B-00C04F79EFBC}") = "RhinoPythonNetEditor.Managers", "RhinoPythonNetEditor.Managers\RhinoPythonNetEditor.Managers.csproj", "{61A41698-E18E-425C-99E8-7FB46814398D}"
EndProject
Project("{9A19103F-16F7-4668-BE54-9A1E7A4F7556}") = "RhinoPythonNetEditor.Component", "RhinoPythonNetEditor.Component\RhinoPythonNetEditor.Component.csproj", "{2340E8DD-8F30-4FCC-8DDB-0F6FFDE73BD8}"
EndProject
Project("{FAE04EC0-301F-11D3-BF4B-00C04F79EFBC}") = "RhinoPythonNetEditor.CustomControls", "RhinoPythonNetEditor.CustomControls\RhinoPythonNetEditor.CustomControls.csproj", "{3E401E80-504F-4482-AAEF-FD7AF317F22F}"
EndProject
Project("{FAE04EC0-301F-11D3-BF4B-00C04F79EFBC}") = "RhinoPythonNetEditor.Interface", "RhinoPythonNetEditor.Interface\RhinoPythonNetEditor.Interface.csproj", "{312606DF-E1F0-4FE1-9129-8141381E7151}"
EndProject
Global
	GlobalSection(SolutionConfigurationPlatforms) = preSolution
		Debug|Any CPU = Debug|Any CPU
		Release|Any CPU = Release|Any CPU
	EndGlobalSection
	GlobalSection(ProjectConfigurationPlatforms) = postSolution
		{F9BC2027-7841-4815-A777-73CD79393494}.Debug|Any CPU.ActiveCfg = Debug|Any CPU
		{F9BC2027-7841-4815-A777-73CD79393494}.Debug|Any CPU.Build.0 = Debug|Any CPU
		{F9BC2027-7841-4815-A777-73CD79393494}.Release|Any CPU.ActiveCfg = Release|Any CPU
		{F9BC2027-7841-4815-A777-73CD79393494}.Release|Any CPU.Build.0 = Release|Any CPU
		{846273B8-C1ED-4767-9882-2FC399A46D2D}.Debug|Any CPU.ActiveCfg = Debug|Any CPU
		{846273B8-C1ED-4767-9882-2FC399A46D2D}.Debug|Any CPU.Build.0 = Debug|Any CPU
		{846273B8-C1ED-4767-9882-2FC399A46D2D}.Release|Any CPU.ActiveCfg = Release|Any CPU
		{846273B8-C1ED-4767-9882-2FC399A46D2D}.Release|Any CPU.Build.0 = Release|Any CPU
		{CAE904B4-4DFF-4291-82B1-584021351FB2}.Debug|Any CPU.ActiveCfg = Debug|Any CPU
		{CAE904B4-4DFF-4291-82B1-584021351FB2}.Debug|Any CPU.Build.0 = Debug|Any CPU
		{CAE904B4-4DFF-4291-82B1-584021351FB2}.Release|Any CPU.ActiveCfg = Release|Any CPU
		{CAE904B4-4DFF-4291-82B1-584021351FB2}.Release|Any CPU.Build.0 = Release|Any CPU
		{E2469FBC-B426-4953-90E0-D702C58892DD}.Debug|Any CPU.ActiveCfg = Debug|Any CPU
		{E2469FBC-B426-4953-90E0-D702C58892DD}.Debug|Any CPU.Build.0 = Debug|Any CPU
		{E2469FBC-B426-4953-90E0-D702C58892DD}.Release|Any CPU.ActiveCfg = Release|Any CPU
		{E2469FBC-B426-4953-90E0-D702C58892DD}.Release|Any CPU.Build.0 = Release|Any CPU
		{52463BAF-E836-4624-84A0-80049CD96EA7}.Debug|Any CPU.ActiveCfg = Debug|Any CPU
		{52463BAF-E836-4624-84A0-80049CD96EA7}.Debug|Any CPU.Build.0 = Debug|Any CPU
		{52463BAF-E836-4624-84A0-80049CD96EA7}.Release|Any CPU.ActiveCfg = Release|Any CPU
		{52463BAF-E836-4624-84A0-80049CD96EA7}.Release|Any CPU.Build.0 = Release|Any CPU
		{D295E2F0-FB3A-4B51-BE94-C81C59CECFC0}.Debug|Any CPU.ActiveCfg = Debug|Any CPU
		{D295E2F0-FB3A-4B51-BE94-C81C59CECFC0}.Debug|Any CPU.Build.0 = Debug|Any CPU
		{D295E2F0-FB3A-4B51-BE94-C81C59CECFC0}.Release|Any CPU.ActiveCfg = Release|Any CPU
		{D295E2F0-FB3A-4B51-BE94-C81C59CECFC0}.Release|Any CPU.Build.0 = Release|Any CPU
		{61A41698-E18E-425C-99E8-7FB46814398D}.Debug|Any CPU.ActiveCfg = Debug|Any CPU
		{61A41698-E18E-425C-99E8-7FB46814398D}.Debug|Any CPU.Build.0 = Debug|Any CPU
		{61A41698-E18E-425C-99E8-7FB46814398D}.Release|Any CPU.ActiveCfg = Release|Any CPU
		{61A41698-E18E-425C-99E8-7FB46814398D}.Release|Any CPU.Build.0 = Release|Any CPU
		{2340E8DD-8F30-4FCC-8DDB-0F6FFDE73BD8}.Debug|Any CPU.ActiveCfg = Debug|Any CPU
		{2340E8DD-8F30-4FCC-8DDB-0F6FFDE73BD8}.Debug|Any CPU.Build.0 = Debug|Any CPU
		{2340E8DD-8F30-4FCC-8DDB-0F6FFDE73BD8}.Release|Any CPU.ActiveCfg = Release|Any CPU
		{2340E8DD-8F30-4FCC-8DDB-0F6FFDE73BD8}.Release|Any CPU.Build.0 = Release|Any CPU
		{3E401E80-504F-4482-AAEF-FD7AF317F22F}.Debug|Any CPU.ActiveCfg = Debug|Any CPU
		{3E401E80-504F-4482-AAEF-FD7AF317F22F}.Debug|Any CPU.Build.0 = Debug|Any CPU
		{3E401E80-504F-4482-AAEF-FD7AF317F22F}.Release|Any CPU.ActiveCfg = Release|Any CPU
		{3E401E80-504F-4482-AAEF-FD7AF317F22F}.Release|Any CPU.Build.0 = Release|Any CPU
		{312606DF-E1F0-4FE1-9129-8141381E7151}.Debug|Any CPU.ActiveCfg = Debug|Any CPU
		{312606DF-E1F0-4FE1-9129-8141381E7151}.Debug|Any CPU.Build.0 = Debug|Any CPU
		{312606DF-E1F0-4FE1-9129-8141381E7151}.Release|Any CPU.ActiveCfg = Release|Any CPU
		{312606DF-E1F0-4FE1-9129-8141381E7151}.Release|Any CPU.Build.0 = Release|Any CPU
	EndGlobalSection
	GlobalSection(SolutionProperties) = preSolution
		HideSolutionNode = FALSE
	EndGlobalSection
	GlobalSection(ExtensibilityGlobals) = postSolution
		SolutionGuid = {86483CDD-926E-4531-9695-A86A82406532}
	EndGlobalSection
EndGlobal
